
Microsoft Visual Studio Solution File, Format Version 12.00
# Visual Studio Version 16
VisualStudioVersion = 16.0.31025.194
MinimumVisualStudioVersion = 10.0.40219.1
Project("{9A19103F-16F7-4668-BE54-9A1E7A4F7556}") = "BackEnd", "BackEnd\BackEnd.csproj", "{BD84AFE7-DD3B-4B38-A247-166948019EB8}"
EndProject
Project("{FAE04EC0-301F-11D3-BF4B-00C04F79EFBC}") = "ConferenceDTO", "ConferenceDTO\ConferenceDTO.csproj", "{F4E43134-7E9B-4B14-86A6-F45D4DAFF999}"
EndProject
Global
	GlobalSection(SolutionConfigurationPlatforms) = preSolution
		Debug|Any CPU = Debug|Any CPU
		Release|Any CPU = Release|Any CPU
	EndGlobalSection
	GlobalSection(ProjectConfigurationPlatforms) = postSolution
		{BD84AFE7-DD3B-4B38-A247-166948019EB8}.Debug|Any CPU.ActiveCfg = Debug|Any CPU
		{BD84AFE7-DD3B-4B38-A247-166948019EB8}.Debug|Any CPU.Build.0 = Debug|Any CPU
		{BD84AFE7-DD3B-4B38-A247-166948019EB8}.Release|Any CPU.ActiveCfg = Release|Any CPU
		{BD84AFE7-DD3B-4B38-A247-166948019EB8}.Release|Any CPU.Build.0 = Release|Any CPU
		{F4E43134-7E9B-4B14-86A6-F45D4DAFF999}.Debug|Any CPU.ActiveCfg = Debug|Any CPU
		{F4E43134-7E9B-4B14-86A6-F45D4DAFF999}.Debug|Any CPU.Build.0 = Debug|Any CPU
		{F4E43134-7E9B-4B14-86A6-F45D4DAFF999}.Release|Any CPU.ActiveCfg = Release|Any CPU
		{F4E43134-7E9B-4B14-86A6-F45D4DAFF999}.Release|Any CPU.Build.0 = Release|Any CPU
	EndGlobalSection
	GlobalSection(SolutionProperties) = preSolution
		HideSolutionNode = FALSE
	EndGlobalSection
	GlobalSection(ExtensibilityGlobals) = postSolution
		SolutionGuid = {BCE34735-3FAF-4618-B014-EECFDB951A7E}
	EndGlobalSection
EndGlobal
